
Microsoft Visual Studio Solution File, Format Version 12.00
# Visual Studio Version 17
VisualStudioVersion = 17.5.33516.290
MinimumVisualStudioVersion = 10.0.40219.1
Project("{54A90642-561A-4BB1-A94E-469ADEE60C69}") = "book", "book\book.esproj", "{C5417A10-E079-4613-9E18-206A3F7F4E59}"
EndProject
Global
	GlobalSection(SolutionConfigurationPlatforms) = preSolution
		Debug|Any CPU = Debug|Any CPU
		Release|Any CPU = Release|Any CPU
	EndGlobalSection
	GlobalSection(ProjectConfigurationPlatforms) = postSolution
		{C5417A10-E079-4613-9E18-206A3F7F4E59}.Debug|Any CPU.ActiveCfg = Debug|Any CPU
		{C5417A10-E079-4613-9E18-206A3F7F4E59}.Debug|Any CPU.Build.0 = Debug|Any CPU
		{C5417A10-E079-4613-9E18-206A3F7F4E59}.Debug|Any CPU.Deploy.0 = Debug|Any CPU
		{C5417A10-E079-4613-9E18-206A3F7F4E59}.Release|Any CPU.ActiveCfg = Release|Any CPU
		{C5417A10-E079-4613-9E18-206A3F7F4E59}.Release|Any CPU.Build.0 = Release|Any CPU
		{C5417A10-E079-4613-9E18-206A3F7F4E59}.Release|Any CPU.Deploy.0 = Release|Any CPU
	EndGlobalSection
	GlobalSection(SolutionProperties) = preSolution
		HideSolutionNode = FALSE
	EndGlobalSection
	GlobalSection(ExtensibilityGlobals) = postSolution
		SolutionGuid = {6D45D9D4-BDDA-4F06-AFAF-0600F7A3C7D0}
	EndGlobalSection
EndGlobal
